
Microsoft Visual Studio Solution File, Format Version 12.00
# Visual Studio Version 17
VisualStudioVersion = 17.9.34616.47
MinimumVisualStudioVersion = 10.0.40219.1
Project("{FAE04EC0-301F-11D3-BF4B-00C04F79EFBC}") = "RamazanKaratayOdev1", "RamazanKaratayOdev1\RamazanKaratayOdev1.csproj", "{A985555A-24FD-46C4-89B5-1305F6012E6B}"
EndProject
Global
	GlobalSection(SolutionConfigurationPlatforms) = preSolution
		Debug|Any CPU = Debug|Any CPU
		Release|Any CPU = Release|Any CPU
	EndGlobalSection
	GlobalSection(ProjectConfigurationPlatforms) = postSolution
		{A985555A-24FD-46C4-89B5-1305F6012E6B}.Debug|Any CPU.ActiveCfg = Debug|Any CPU
		{A985555A-24FD-46C4-89B5-1305F6012E6B}.Debug|Any CPU.Build.0 = Debug|Any CPU
		{A985555A-24FD-46C4-89B5-1305F6012E6B}.Debug|Any CPU.Deploy.0 = Debug|Any CPU
		{A985555A-24FD-46C4-89B5-1305F6012E6B}.Release|Any CPU.ActiveCfg = Release|Any CPU
		{A985555A-24FD-46C4-89B5-1305F6012E6B}.Release|Any CPU.Build.0 = Release|Any CPU
		{A985555A-24FD-46C4-89B5-1305F6012E6B}.Release|Any CPU.Deploy.0 = Release|Any CPU
	EndGlobalSection
	GlobalSection(SolutionProperties) = preSolution
		HideSolutionNode = FALSE
	EndGlobalSection
	GlobalSection(ExtensibilityGlobals) = postSolution
		SolutionGuid = {0FF277EE-7173-4F57-92E5-0004F030FD1F}
	EndGlobalSection
EndGlobal
